
Microsoft Visual Studio Solution File, Format Version 12.00
# Visual Studio Version 16
VisualStudioVersion = 16.0.30204.135
MinimumVisualStudioVersion = 10.0.40219.1
Project("{FAE04EC0-301F-11D3-BF4B-00C04F79EFBC}") = "TestTCPserver", "TestTCPserver\TestTCPserver.csproj", "{BCF01C27-0A88-483E-BE7C-39AFA55B7CB0}"
EndProject
Global
	GlobalSection(SolutionConfigurationPlatforms) = preSolution
		Debug|Any CPU = Debug|Any CPU
		Release|Any CPU = Release|Any CPU
	EndGlobalSection
	GlobalSection(ProjectConfigurationPlatforms) = postSolution
		{BCF01C27-0A88-483E-BE7C-39AFA55B7CB0}.Debug|Any CPU.ActiveCfg = Debug|Any CPU
		{BCF01C27-0A88-483E-BE7C-39AFA55B7CB0}.Debug|Any CPU.Build.0 = Debug|Any CPU
		{BCF01C27-0A88-483E-BE7C-39AFA55B7CB0}.Release|Any CPU.ActiveCfg = Release|Any CPU
		{BCF01C27-0A88-483E-BE7C-39AFA55B7CB0}.Release|Any CPU.Build.0 = Release|Any CPU
	EndGlobalSection
	GlobalSection(SolutionProperties) = preSolution
		HideSolutionNode = FALSE
	EndGlobalSection
	GlobalSection(ExtensibilityGlobals) = postSolution
		SolutionGuid = {6A69FAB3-A872-47B4-ACA8-F7FFF002159F}
	EndGlobalSection
EndGlobal
